Microsoft Visual Studio Solution File, Format Version 12.00
# Visual Studio Version 17
VisualStudioVersion = 17.0.31903.59
MinimumVisualStudioVersion = 10.0.40219.1
Project("{8BC9CEB8-8B4A-11D0-8D11-00A0C91BC942}") = "VizoWalker.Native", "src\VizoWalker.Native\VizoWalker.Native.vcxproj", "{C4D08AA6-3A4D-44EE-9161-99C287D33011}"
EndProject
Global
	GlobalSection(SolutionConfigurationPlatforms) = preSolution
		Debug|ARM64 = Debug|ARM64
		Debug|x64 = Debug|x64
		Release|ARM64 = Release|ARM64
		Release|x64 = Release|x64
	EndGlobalSection
	GlobalSection(ProjectConfigurationPlatforms) = postSolution
		{C4D08AA6-3A4D-44EE-9161-99C287D33011}.Debug|ARM64.ActiveCfg = Debug|ARM64
		{C4D08AA6-3A4D-44EE-9161-99C287D33011}.Debug|ARM64.Build.0 = Debug|ARM64
		{C4D08AA6-3A4D-44EE-9161-99C287D33011}.Debug|x64.ActiveCfg = Debug|x64
		{C4D08AA6-3A4D-44EE-9161-99C287D33011}.Debug|x64.Build.0 = Debug|x64
		{C4D08AA6-3A4D-44EE-9161-99C287D33011}.Release|ARM64.ActiveCfg = Release|ARM64
		{C4D08AA6-3A4D-44EE-9161-99C287D33011}.Release|ARM64.Build.0 = Release|ARM64
		{C4D08AA6-3A4D-44EE-9161-99C287D33011}.Release|x64.ActiveCfg = Release|x64
		{C4D08AA6-3A4D-44EE-9161-99C287D33011}.Release|x64.Build.0 = Release|x64
	EndGlobalSection
EndGlobal
